// !$*UTF8*$!
{
	archiveVersion = 1;
	classes = {
	};
	objectVersion = 46;
	objects = {

/* Begin PBXBuildFile section */
		03196DB31D5DF11000A0C8A7 /* AppDelegate.swift in Sources */ = {isa = PBXBuildFile; fileRef = 03196DB21D5DF11000A0C8A7 /* AppDelegate.swift */; };
		03196DB51D5DF11000A0C8A7 /* ViewController.swift in Sources */ = {isa = PBXBuildFile; fileRef = 03196DB41D5DF11000A0C8A7 /* ViewController.swift */; };
		03196DB81D5DF11000A0C8A7 /* Main.storyboard in Resources */ = {isa = PBXBuildFile; fileRef = 03196DB61D5DF11000A0C8A7 /* Main.storyboard */; };
		03196DBA1D5DF11000A0C8A7 /* Assets.xcassets in Resources */ = {isa = PBXBuildFile; fileRef = 03196DB91D5DF11000A0C8A7 /* Assets.xcassets */; };
		03196DBD1D5DF11000A0C8A7 /* LaunchScreen.storyboard in Resources */ = {isa = PBXBuildFile; fileRef = 03196DBB1D5DF11000A0C8A7 /* LaunchScreen.storyboard */; };
		03196DCD1D5DF4AF00A0C8A7 /* AgentTests.swift in Sources */ = {isa = PBXBuildFile; fileRef = 03196DCC1D5DF4AF00A0C8A7 /* AgentTests.swift */; };
/* End PBXBuildFile section */

/* Begin PBXContainerItemProxy section */
		03196DCF1D5DF4AF00A0C8A7 /* PBXContainerItemProxy */ = {
			isa = PBXContainerItemProxy;
			containerPortal = 03196DA71D5DF11000A0C8A7 /* Project object */;
			proxyType = 1;
			remoteGlobalIDString = 03196DAE1D5DF11000A0C8A7;
			remoteInfo = Agent;
		};
/* End PBXContainerItemProxy section */

/* Begin PBXFileReference section */
		03196DAF1D5DF11000A0C8A7 /* Agent.app */ = {isa = PBXFileReference; explicitFileType = wrapper.application; includeInIndex = 0; path = Agent.app; sourceTree = BUILT_PRODUCTS_DIR; };
		03196DB21D5DF11000A0C8A7 /* AppDelegate.swift */ = {isa = PBXFileReference; lastKnownFileType = sourcecode.swift; path = AppDelegate.swift; sourceTree = "<group>"; };
		03196DB41D5DF11000A0C8A7 /* ViewController.swift */ = {isa = PBXFileReference; lastKnownFileType = sourcecode.swift; path = ViewController.swift; sourceTree = "<group>"; };
		03196DB71D5DF11000A0C8A7 /* Base */ = {isa = PBXFileReference; lastKnownFileType = file.storyboard; name = Base; path = Base.lproj/Main.storyboard; sourceTree = "<group>"; };
		03196DB91D5DF11000A0C8A7 /* Assets.xcassets */ = {isa = PBXFileReference; lastKnownFileType = folder.assetcatalog; path = Assets.xcassets; sourceTree = "<group>"; };
		03196DBC1D5DF11000A0C8A7 /* Base */ = {isa = PBXFileReference; lastKnownFileType = file.storyboard; name = Base; path = Base.lproj/LaunchScreen.storyboard; sourceTree = "<group>"; };
		03196DBE1D5DF11000A0C8A7 /* Info.plist */ = {isa = PBXFileReference; lastKnownFileType = text.plist.xml; path = Info.plist; sourceTree = "<group>"; };
		03196DCA1D5DF4AF00A0C8A7 /* AgentTests.xctest */ = {isa = PBXFileReference; explicitFileType = wrapper.cfbundle; includeInIndex = 0; path = AgentTests.xctest; sourceTree = BUILT_PRODUCTS_DIR; };
		03196DCC1D5DF4AF00A0C8A7 /* AgentTests.swift */ = {isa = PBXFileReference; lastKnownFileType = sourcecode.swift; path = AgentTests.swift; sourceTree = "<group>"; };
		03196DCE1D5DF4AF00A0C8A7 /* Info.plist */ = {isa = PBXFileReference; lastKnownFileType = text.plist.xml; path = Info.plist; sourceTree = "<group>"; };
/* End PBXFileReference section */

/* Begin PBXFrameworksBuildPhase section */
		03196DAC1D5DF11000A0C8A7 /* Frameworks */ = {
			isa = PBXFrameworksBuildPhase;
			buildActionMask = 2147483647;
			files = (
			);
			runOnlyForDeploymentPostprocessing = 0;
		};
		03196DC71D5DF4AF00A0C8A7 /* Frameworks */ = {
			isa = PBXFrameworksBuildPhase;
			buildActionMask = 2147483647;
			files = (
			);
			runOnlyForDeploymentPostprocessing = 0;
		};
/* End PBXFrameworksBuildPhase section */

/* Begin PBXGroup section */
		03196DA61D5DF11000A0C8A7 = {
			isa = PBXGroup;
			children = (
				03196DB11D5DF11000A0C8A7 /* Agent */,
				03196DCB1D5DF4AF00A0C8A7 /* AgentTests */,
				03196DB01D5DF11000A0C8A7 /* Products */,
			);
			sourceTree = "<group>";
		};
		03196DB01D5DF11000A0C8A7 /* Products */ = {
			isa = PBXGroup;
			children = (
				03196DAF1D5DF11000A0C8A7 /* Agent.app */,
				03196DCA1D5DF4AF00A0C8A7 /* AgentTests.xctest */,
			);
			name = Products;
			sourceTree = "<group>";
		};
		03196DB11D5DF11000A0C8A7 /* Agent */ = {
			isa = PBXGroup;
			children = (
				03196DB21D5DF11000A0C8A7 /* AppDelegate.swift */,
				03196DB41D5DF11000A0C8A7 /* ViewController.swift */,
				03196DB61D5DF11000A0C8A7 /* Main.storyboard */,
				03196DB91D5DF11000A0C8A7 /* Assets.xcassets */,
				03196DBB1D5DF11000A0C8A7 /* LaunchScreen.storyboard */,
				03196DBE1D5DF11000A0C8A7 /* Info.plist */,
			);
			path = Agent;
			sourceTree = "<group>";
		};
		03196DCB1D5DF4AF00A0C8A7 /* AgentTests */ = {
			isa = PBXGroup;
			children = (
				03196DCC1D5DF4AF00A0C8A7 /* AgentTests.swift */,
				03196DCE1D5DF4AF00A0C8A7 /* Info.plist */,
			);
			path = AgentTests;
			sourceTree = "<group>";
		};
/* End PBXGroup section */

/* Begin PBXNativeTarget section */
		03196DAE1D5DF11000A0C8A7 /* Agent */ = {
			isa = PBXNativeTarget;
			buildConfigurationList = 03196DC11D5DF11000A0C8A7 /* Build configuration list for PBXNativeTarget "Agent" */;
			buildPhases = (
				03196DAB1D5DF11000A0C8A7 /* Sources */,
				03196DAC1D5DF11000A0C8A7 /* Frameworks */,
				03196DC41D5DF18D00A0C8A7 /* [Agent] Auto-increment Build Number */,
				03196DAD1D5DF11000A0C8A7 /* Resources */,
				03196DC51D5DF23200A0C8A7 /* [Agent] Auto-increment Version Number (only when archiving) */,
			);
			buildRules = (
			);
			dependencies = (
			);
			name = Agent;
			productName = Agent;
			productReference = 03196DAF1D5DF11000A0C8A7 /* Agent.app */;
			productType = "com.apple.product-type.application";
		};
		03196DC91D5DF4AF00A0C8A7 /* AgentTests */ = {
			isa = PBXNativeTarget;
			buildConfigurationList = 03196DD11D5DF4AF00A0C8A7 /* Build configuration list for PBXNativeTarget "AgentTests" */;
			buildPhases = (
				03196DC61D5DF4AF00A0C8A7 /* Sources */,
				03196DC71D5DF4AF00A0C8A7 /* Frameworks */,
				03196DC81D5DF4AF00A0C8A7 /* Resources */,
			);
			buildRules = (
			);
			dependencies = (
				03196DD01D5DF4AF00A0C8A7 /* PBXTargetDependency */,
			);
			name = AgentTests;
			productName = AgentTests;
			productReference = 03196DCA1D5DF4AF00A0C8A7 /* AgentTests.xctest */;
			productType = "com.apple.product-type.bundle.unit-test";
		};
/* End PBXNativeTarget section */

/* Begin PBXProject section */
		03196DA71D5DF11000A0C8A7 /* Project object */ = {
			isa = PBXProject;
			attributes = {
				LastSwiftUpdateCheck = 0800;
				LastUpgradeCheck = 0800;
				ORGANIZATIONNAME = sizeof.io;
				TargetAttributes = {
					03196DAE1D5DF11000A0C8A7 = {
						CreatedOnToolsVersion = 8.0;
						DevelopmentTeam = 2V5KTH95VW;
						ProvisioningStyle = Automatic;
					};
					03196DC91D5DF4AF00A0C8A7 = {
						CreatedOnToolsVersion = 8.0;
						DevelopmentTeam = 2V5KTH95VW;
						ProvisioningStyle = Automatic;
						TestTargetID = 03196DAE1D5DF11000A0C8A7;
					};
				};
			};
			buildConfigurationList = 03196DAA1D5DF11000A0C8A7 /* Build configuration list for PBXProject "Agent" */;
			compatibilityVersion = "Xcode 3.2";
			developmentRegion = English;
			hasScannedForEncodings = 0;
			knownRegions = (
				en,
				Base,
			);
			mainGroup = 03196DA61D5DF11000A0C8A7;
			productRefGroup = 03196DB01D5DF11000A0C8A7 /* Products */;
			projectDirPath = "";
			projectRoot = "";
			targets = (
				03196DAE1D5DF11000A0C8A7 /* Agent */,
				03196DC91D5DF4AF00A0C8A7 /* AgentTests */,
			);
		};
/* End PBXProject section */

/* Begin PBXResourcesBuildPhase section */
		03196DAD1D5DF11000A0C8A7 /* Resources */ = {
			isa = PBXResourcesBuildPhase;
			buildActionMask = 2147483647;
			files = (
				03196DBD1D5DF11000A0C8A7 /* LaunchScreen.storyboard in Resources */,
				03196DBA1D5DF11000A0C8A7 /* Assets.xcassets in Resources */,
				03196DB81D5DF11000A0C8A7 /* Main.storyboard in Resources */,
			);
			runOnlyForDeploymentPostprocessing = 0;
		};
		03196DC81D5DF4AF00A0C8A7 /* Resources */ = {
			isa = PBXResourcesBuildPhase;
			buildActionMask = 2147483647;
			files = (
			);
			runOnlyForDeploymentPostprocessing = 0;
		};
/* End PBXResourcesBuildPhase section */

/* Begin PBXShellScriptBuildPhase section */
		03196DC41D5DF18D00A0C8A7 /* [Agent] Auto-increment Build Number */ = {
			isa = PBXShellScriptBuildPhase;
			buildActionMask = 2147483647;
			files = (
			);
			inputPaths = (
			);
			name = "[Agent] Auto-increment Build Number";
			outputPaths = (
			);
			runOnlyForDeploymentPostprocessing = 0;
			shellPath = /bin/sh;
			shellScript = "# Credits : Jason Horwitz, https://github.com/sekati\n#\t\t\tAashish Tamsya, aashish.tamsya@gmail.com\n#\n#\n# BuildVersion.sh\n# @desc Auto-increment the build number every time the project is run.\n# @usage\n# 1. Select: your Target in Xcode\n# 2. Select: Build Phases Tab\n# 3. Select: Add Build Phase -> Add Run Script\n# 4. Paste code below in to new \"Run Script\" section\n# 5. Drag the \"Run Script\" below \"Link Binaries With Libraries\"\n# 6. Insure that your starting build number is set to a whole integer and not a float (e.g. 1, not 1.0)\n\nbuildNumber=$(/usr/libexec/PlistBuddy -c \"Print CFBundleVersion\" \"${PROJECT_DIR}/${INFOPLIST_FILE}\")\nbuildNumber=$(($buildNumber + 1))\n/usr/libexec/PlistBuddy -c \"Set :CFBundleVersion $buildNumber\" \"${PROJECT_DIR}/${INFOPLIST_FILE}\"";
		};
		03196DC51D5DF23200A0C8A7 /* [Agent] Auto-increment Version Number (only when archiving) */ = {
			isa = PBXShellScriptBuildPhase;
			buildActionMask = 8;
			files = (
			);
			inputPaths = (
			);
			name = "[Agent] Auto-increment Version Number (only when archiving)";
			outputPaths = (
			);
			runOnlyForDeploymentPostprocessing = 1;
			shellPath = /bin/sh;
			shellScript = "# Credits : Jason Horwitz, https://github.com/sekati\n#\t\t\tAashish Tamsya, aashish.tamsya@gmail.com\n#\n#\n# VersionNumberIncrement.sh\n# @desc Auto-increment the version number (only) when a project is archived for export.\n# @usage\n# 1. Select: your Target in Xcode\n# 2. Select: Build Phases Tab\n# 3. Select: Add Build Phase -> Add Run Script\n# 4. Paste code below in to new \"Run Script\" section\n# 5. Check the checkbox \"Run script only when installing\"\n# 6. Drag the \"Run Script\" below \"Link Binaries With Libraries\"\n# 7. Insure your starting version number is in SemVer format (e.g. 1.0.0)\n\n# This splits a two-decimal version string, such as \"0.45.123\", allowing us to increment the third position.\nVERSIONNUM=$(/usr/libexec/PlistBuddy -c \"Print CFBundleShortVersionString\" \"${PROJECT_DIR}/${INFOPLIST_FILE}\")\nNEWSUBVERSION=`echo $VERSIONNUM | awk -F \".\" '{print $3}'`\nNEWSUBVERSION=$(($NEWSUBVERSION + 1))\nNEWVERSIONSTRING=`echo $VERSIONNUM | awk -F \".\" '{print $1 \".\" $2 \".'$NEWSUBVERSION'\" }'`\n/usr/libexec/PlistBuddy -c \"Set :CFBundleShortVersionString $NEWVERSIONSTRING\" \"${PROJECT_DIR}/${INFOPLIST_FILE}\"";
		};
/* End PBXShellScriptBuildPhase section */

/* Begin PBXSourcesBuildPhase section */
		03196DAB1D5DF11000A0C8A7 /* Sources */ = {
			isa = PBXSourcesBuildPhase;
			buildActionMask = 2147483647;
			files = (
				03196DB51D5DF11000A0C8A7 /* ViewController.swift in Sources */,
				03196DB31D5DF11000A0C8A7 /* AppDelegate.swift in Sources */,
			);
			runOnlyForDeploymentPostprocessing = 0;
		};
		03196DC61D5DF4AF00A0C8A7 /* Sources */ = {
			isa = PBXSourcesBuildPhase;
			buildActionMask = 2147483647;
			files = (
				03196DCD1D5DF4AF00A0C8A7 /* AgentTests.swift in Sources */,
			);
			runOnlyForDeploymentPostprocessing = 0;
		};
/* End PBXSourcesBuildPhase section */

/* Begin PBXTargetDependency section */
		03196DD01D5DF4AF00A0C8A7 /* PBXTargetDependency */ = {
			isa = PBXTargetDependency;
			target = 03196DAE1D5DF11000A0C8A7 /* Agent */;
			targetProxy = 03196DCF1D5DF4AF00A0C8A7 /* PBXContainerItemProxy */;
		};
/* End PBXTargetDependency section */

/* Begin PBXVariantGroup section */
		03196DB61D5DF11000A0C8A7 /* Main.storyboard */ = {
			isa = PBXVariantGroup;
			children = (
				03196DB71D5DF11000A0C8A7 /* Base */,
			);
			name = Main.storyboard;
			sourceTree = "<group>";
		};
		03196DBB1D5DF11000A0C8A7 /* LaunchScreen.storyboard */ = {
			isa = PBXVariantGroup;
			children = (
				03196DBC1D5DF11000A0C8A7 /* Base */,
			);
			name = LaunchScreen.storyboard;
			sourceTree = "<group>";
		};
/* End PBXVariantGroup section */

/* Begin XCBuildConfiguration section */
		03196DBF1D5DF11000A0C8A7 /* Debug */ = {
			isa = XCBuildConfiguration;
			buildSettings = {
				ALWAYS_SEARCH_USER_PATHS = NO;
				CLANG_ANALYZER_NONNULL = YES;
				CLANG_CXX_LANGUAGE_STANDARD = "gnu++0x";
				CLANG_CXX_LIBRARY = "libc++";
				CLANG_ENABLE_MODULES = YES;
				CLANG_ENABLE_OBJC_ARC = YES;
				CLANG_WARN_BOOL_CONVERSION = YES;
				CLANG_WARN_CONSTANT_CONVERSION = YES;
				CLANG_WARN_DIRECT_OBJC_ISA_USAGE = YES_ERROR;
				CLANG_WARN_DOCUMENTATION_COMMENTS = YES;
				CLANG_WARN_EMPTY_BODY = YES;
				CLANG_WARN_ENUM_CONVERSION = YES;
				CLANG_WARN_INFINITE_RECURSION = YES;
				CLANG_WARN_INT_CONVERSION = YES;
				CLANG_WARN_OBJC_ROOT_CLASS = YES_ERROR;
				CLANG_WARN_SUSPICIOUS_MOVES = YES;
				CLANG_WARN_UNREACHABLE_CODE = YES;
				CLANG_WARN__DUPLICATE_METHOD_MATCH = YES;
				"CODE_SIGN_IDENTITY[sdk=iphoneos*]" = "iPhone Developer";
				COPY_PHASE_STRIP = NO;
				DEBUG_INFORMATION_FORMAT = dwarf;
				ENABLE_STRICT_OBJC_MSGSEND = YES;
				ENABLE_TESTABILITY = YES;
				GCC_C_LANGUAGE_STANDARD = gnu99;
				GCC_DYNAMIC_NO_PIC = NO;
				GCC_NO_COMMON_BLOCKS = YES;
				GCC_OPTIMIZATION_LEVEL = 0;
				GCC_PREPROCESSOR_DEFINITIONS = (
					"DEBUG=1",
					"$(inherited)",
				);
				GCC_WARN_64_TO_32_BIT_CONVERSION = YES;
				GCC_WARN_ABOUT_RETURN_TYPE = YES_ERROR;
				GCC_WARN_UNDECLARED_SELECTOR = YES;
				GCC_WARN_UNINITIALIZED_AUTOS = YES_AGGRESSIVE;
				GCC_WARN_UNUSED_FUNCTION = YES;
				GCC_WARN_UNUSED_VARIABLE = YES;
				IPHONEOS_DEPLOYMENT_TARGET = 10.0;
				MTL_ENABLE_DEBUG_INFO = YES;
				ONLY_ACTIVE_ARCH = YES;
				SDKROOT = iphoneos;
				SWIFT_ACTIVE_COMPILATION_CONDITIONS = DEBUG;
				SWIFT_OPTIMIZATION_LEVEL = "-Onone";
			};
			name = Debug;
		};
		03196DC01D5DF11000A0C8A7 /* Release */ = {
			isa = XCBuildConfiguration;
			buildSettings = {
				ALWAYS_SEARCH_USER_PATHS = NO;
				CLANG_ANALYZER_NONNULL = YES;
				CLANG_CXX_LANGUAGE_STANDARD = "gnu++0x";
				CLANG_CXX_LIBRARY = "libc++";
				CLANG_ENABLE_MODULES = YES;
				CLANG_ENABLE_OBJC_ARC = YES;
				CLANG_WARN_BOOL_CONVERSION = YES;
				CLANG_WARN_CONSTANT_CONVERSION = YES;
				CLANG_WARN_DIRECT_OBJC_ISA_USAGE = YES_ERROR;
				CLANG_WARN_DOCUMENTATION_COMMENTS = YES;
				CLANG_WARN_EMPTY_BODY = YES;
				CLANG_WARN_ENUM_CONVERSION = YES;
				CLANG_WARN_INFINITE_RECURSION = YES;
				CLANG_WARN_INT_CONVERSION = YES;
				CLANG_WARN_OBJC_ROOT_CLASS = YES_ERROR;
				CLANG_WARN_SUSPICIOUS_MOVES = YES;
				CLANG_WARN_UNREACHABLE_CODE = YES;
				CLANG_WARN__DUPLICATE_METHOD_MATCH = YES;
				"CODE_SIGN_IDENTITY[sdk=iphoneos*]" = "iPhone Developer";
				COPY_PHASE_STRIP = NO;
				DEBUG_INFORMATION_FORMAT = "dwarf-with-dsym";
				ENABLE_NS_ASSERTIONS = NO;
				ENABLE_STRICT_OBJC_MSGSEND = YES;
				GCC_C_LANGUAGE_STANDARD = gnu99;
				GCC_NO_COMMON_BLOCKS = YES;
				GCC_WARN_64_TO_32_BIT_CONVERSION = YES;
				GCC_WARN_ABOUT_RETURN_TYPE = YES_ERROR;
				GCC_WARN_UNDECLARED_SELECTOR = YES;
				GCC_WARN_UNINITIALIZED_AUTOS = YES_AGGRESSIVE;
				GCC_WARN_UNUSED_FUNCTION = YES;
				GCC_WARN_UNUSED_VARIABLE = YES;
				IPHONEOS_DEPLOYMENT_TARGET = 10.0;
				MTL_ENABLE_DEBUG_INFO = NO;
				SDKROOT = iphoneos;
				SWIFT_OPTIMIZATION_LEVEL = "-Owholemodule";
				VALIDATE_PRODUCT = YES;
			};
			name = Release;
		};
		03196DC21D5DF11000A0C8A7 /* Debug */ = {
			isa = XCBuildConfiguration;
			buildSettings = {
				ASSETCATALOG_COMPILER_APPICON_NAME = AppIcon;
				DEVELOPMENT_TEAM = 2V5KTH95VW;
				INFOPLIST_FILE = Agent/Info.plist;
				LD_RUNPATH_SEARCH_PATHS = "$(inherited) @executable_path/Frameworks";
				PRODUCT_BUNDLE_IDENTIFIER = io.sizeof.Agent;
				PRODUCT_NAME = "$(TARGET_NAME)";
				SWIFT_VERSION = 3.0;
			};
			name = Debug;
		};
		03196DC31D5DF11000A0C8A7 /* Release */ = {
			isa = XCBuildConfiguration;
			buildSettings = {
				ASSETCATALOG_COMPILER_APPICON_NAME = AppIcon;
				DEVELOPMENT_TEAM = 2V5KTH95VW;
				INFOPLIST_FILE = Agent/Info.plist;
				LD_RUNPATH_SEARCH_PATHS = "$(inherited) @executable_path/Frameworks";
				PRODUCT_BUNDLE_IDENTIFIER = io.sizeof.Agent;
				PRODUCT_NAME = "$(TARGET_NAME)";
				SWIFT_VERSION = 3.0;
			};
			name = Release;
		};
		03196DD21D5DF4AF00A0C8A7 /* Debug */ = {
			isa = XCBuildConfiguration;
			buildSettings = {
				BUNDLE_LOADER = "$(TEST_HOST)";
				DEVELOPMENT_TEAM = 2V5KTH95VW;
				INFOPLIST_FILE = AgentTests/Info.plist;
				LD_RUNPATH_SEARCH_PATHS = "$(inherited) @executable_path/Frameworks @loader_path/Frameworks";
				PRODUCT_BUNDLE_IDENTIFIER = io.sizeof.AgentTests;
				PRODUCT_NAME = "$(TARGET_NAME)";
				SWIFT_VERSION = 3.0;
				TEST_HOST = "$(BUILT_PRODUCTS_DIR)/Agent.app/Agent";
			};
			name = Debug;
		};
		03196DD31D5DF4AF00A0C8A7 /* Release */ = {
			isa = XCBuildConfiguration;
			buildSettings = {
				BUNDLE_LOADER = "$(TEST_HOST)";
				DEVELOPMENT_TEAM = 2V5KTH95VW;
				INFOPLIST_FILE = AgentTests/Info.plist;
				LD_RUNPATH_SEARCH_PATHS = "$(inherited) @executable_path/Frameworks @loader_path/Frameworks";
				PRODUCT_BUNDLE_IDENTIFIER = io.sizeof.AgentTests;
				PRODUCT_NAME = "$(TARGET_NAME)";
				SWIFT_VERSION = 3.0;
				TEST_HOST = "$(BUILT_PRODUCTS_DIR)/Agent.app/Agent";
			};
			name = Release;
		};
/* End XCBuildConfiguration section */

/* Begin XCConfigurationList section */
		03196DAA1D5DF11000A0C8A7 /* Build configuration list for PBXProject "Agent" */ = {
			isa = XCConfigurationList;
			buildConfigurations = (
				03196DBF1D5DF11000A0C8A7 /* Debug */,
				03196DC01D5DF11000A0C8A7 /* Release */,
			);
			defaultConfigurationIsVisible = 0;
			defaultConfigurationName = Release;
		};
		03196DC11D5DF11000A0C8A7 /* Build configuration list for PBXNativeTarget "Agent" */ = {
			isa = XCConfigurationList;
			buildConfigurations = (
				03196DC21D5DF11000A0C8A7 /* Debug */,
				03196DC31D5DF11000A0C8A7 /* Release */,
			);
			defaultConfigurationIsVisible = 0;
		};
		03196DD11D5DF4AF00A0C8A7 /* Build configuration list for PBXNativeTarget "AgentTests" */ = {
			isa = XCConfigurationList;
			buildConfigurations = (
				03196DD21D5DF4AF00A0C8A7 /* Debug */,
				03196DD31D5DF4AF00A0C8A7 /* Release */,
			);
			defaultConfigurationIsVisible = 0;
		};
/* End XCConfigurationList section */
	};
	rootObject = 03196DA71D5DF11000A0C8A7 /* Project object */;
}
